
Microsoft Visual Studio Solution File, Format Version 12.00
# Visual Studio 15
Project("{FAE04EC0-301F-11D3-BF4B-00C04F79EFBC}") = "ARKitten", "ARKitten.csproj", "{ECD7A6E0-4624-64C8-91D0-82E2D1C8C06F}"
EndProject
Project("{FAE04EC0-301F-11D3-BF4B-00C04F79EFBC}") = "ARKitten.Editor", "ARKitten.Editor.csproj", "{87EDC66D-FA1B-3E94-B241-EA71777B9E46}"
EndProject
Global
	GlobalSection(SolutionConfigurationPlatforms) = preSolution
		Debug|Any CPU = Debug|Any CPU
		Release|Any CPU = Release|Any CPU
	EndGlobalSection
	GlobalSection(ProjectConfigurationPlatforms) = postSolution
		{ECD7A6E0-4624-64C8-91D0-82E2D1C8C06F}.Debug|Any CPU.ActiveCfg = Debug|Any CPU
		{ECD7A6E0-4624-64C8-91D0-82E2D1C8C06F}.Debug|Any CPU.Build.0 = Debug|Any CPU
		{ECD7A6E0-4624-64C8-91D0-82E2D1C8C06F}.Release|Any CPU.ActiveCfg = Release|Any CPU
		{ECD7A6E0-4624-64C8-91D0-82E2D1C8C06F}.Release|Any CPU.Build.0 = Release|Any CPU
		{87EDC66D-FA1B-3E94-B241-EA71777B9E46}.Debug|Any CPU.ActiveCfg = Debug|Any CPU
		{87EDC66D-FA1B-3E94-B241-EA71777B9E46}.Debug|Any CPU.Build.0 = Debug|Any CPU
		{87EDC66D-FA1B-3E94-B241-EA71777B9E46}.Release|Any CPU.ActiveCfg = Release|Any CPU
		{87EDC66D-FA1B-3E94-B241-EA71777B9E46}.Release|Any CPU.Build.0 = Release|Any CPU
	EndGlobalSection
	GlobalSection(SolutionProperties) = preSolution
		HideSolutionNode = FALSE
	EndGlobalSection
EndGlobal
